
Microsoft Visual Studio Solution File, Format Version 12.00
# Visual Studio 2013
VisualStudioVersion = 12.0.40629.0
MinimumVisualStudioVersion = 10.0.40219.1
Project("{FAE04EC0-301F-11D3-BF4B-00C04F79EFBC}") = "FleaMarketMS", "FleaMarketMS\FleaMarketMS.csproj", "{0548C224-92AD-4370-8C23-586F9FB86DE3}"
EndProject
Project("{FAE04EC0-301F-11D3-BF4B-00C04F79EFBC}") = "ManagerSO", "ManagerSO\ManagerSO.csproj", "{AAB752B0-5CEC-46F5-A244-BFAFB48E26CB}"
EndProject
Project("{FAE04EC0-301F-11D3-BF4B-00C04F79EFBC}") = "SystemSO", "SystemSO\SystemSO.csproj", "{66E53009-965D-44C4-A7D4-C64775F58A6B}"
EndProject
Global
	GlobalSection(SolutionConfigurationPlatforms) = preSolution
		Debug|Any CPU = Debug|Any CPU
		Release|Any CPU = Release|Any CPU
	EndGlobalSection
	GlobalSection(ProjectConfigurationPlatforms) = postSolution
		{0548C224-92AD-4370-8C23-586F9FB86DE3}.Debug|Any CPU.ActiveCfg = Debug|Any CPU
		{0548C224-92AD-4370-8C23-586F9FB86DE3}.Debug|Any CPU.Build.0 = Debug|Any CPU
		{0548C224-92AD-4370-8C23-586F9FB86DE3}.Release|Any CPU.ActiveCfg = Release|Any CPU
		{0548C224-92AD-4370-8C23-586F9FB86DE3}.Release|Any CPU.Build.0 = Release|Any CPU
		{AAB752B0-5CEC-46F5-A244-BFAFB48E26CB}.Debug|Any CPU.ActiveCfg = Debug|Any CPU
		{AAB752B0-5CEC-46F5-A244-BFAFB48E26CB}.Debug|Any CPU.Build.0 = Debug|Any CPU
		{AAB752B0-5CEC-46F5-A244-BFAFB48E26CB}.Release|Any CPU.ActiveCfg = Release|Any CPU
		{AAB752B0-5CEC-46F5-A244-BFAFB48E26CB}.Release|Any CPU.Build.0 = Release|Any CPU
		{66E53009-965D-44C4-A7D4-C64775F58A6B}.Debug|Any CPU.ActiveCfg = Debug|Any CPU
		{66E53009-965D-44C4-A7D4-C64775F58A6B}.Debug|Any CPU.Build.0 = Debug|Any CPU
		{66E53009-965D-44C4-A7D4-C64775F58A6B}.Release|Any CPU.ActiveCfg = Release|Any CPU
		{66E53009-965D-44C4-A7D4-C64775F58A6B}.Release|Any CPU.Build.0 = Release|Any CPU
	EndGlobalSection
	GlobalSection(SolutionProperties) = preSolution
		HideSolutionNode = FALSE
	EndGlobalSection
EndGlobal
